// !$*UTF8*$!
{
	archiveVersion = 1;
	classes = {
	};
	objectVersion = 51;
	objects = {

/* Begin PBXBuildFile section */
		044407EE24CF35F1005072D0 /* AppDelegate.swift in Sources */ = {isa = PBXBuildFile; fileRef = 044407ED24CF35F1005072D0 /* AppDelegate.swift */; };
		044407F024CF35F1005072D0 /* SceneDelegate.swift in Sources */ = {isa = PBXBuildFile; fileRef = 044407EF24CF35F1005072D0 /* SceneDelegate.swift */; };
		044407F224CF35F1005072D0 /* ViewController.swift in Sources */ = {isa = PBXBuildFile; fileRef = 044407F124CF35F1005072D0 /* ViewController.swift */; };
		044407F724CF35F2005072D0 /* Assets.xcassets in Resources */ = {isa = PBXBuildFile; fileRef = 044407F624CF35F2005072D0 /* Assets.xcassets */; };
		044407FA24CF35F2005072D0 /* LaunchScreen.storyboard in Resources */ = {isa = PBXBuildFile; fileRef = 044407F824CF35F2005072D0 /* LaunchScreen.storyboard */; };
		0449830824DA6D1800DFB433 /* CreateFishingViewController.swift in Sources */ = {isa = PBXBuildFile; fileRef = 0449830724DA6D1800DFB433 /* CreateFishingViewController.swift */; };
		0449830A24DAA10100DFB433 /* Main.storyboard in Resources */ = {isa = PBXBuildFile; fileRef = 0449830924DAA10100DFB433 /* Main.storyboard */; };
		6C895C69485F4DA6429F6479 /* Pods_Fishing.framework in Frameworks */ = {isa = PBXBuildFile; fileRef = 15E3D988AE04E77610C3502C /* Pods_Fishing.framework */; };
/* End PBXBuildFile section */

/* Begin PBXFileReference section */
		044407EA24CF35F1005072D0 /* Fishing.app */ = {isa = PBXFileReference; explicitFileType = wrapper.application; includeInIndex = 0; path = Fishing.app; sourceTree = BUILT_PRODUCTS_DIR; };
		044407ED24CF35F1005072D0 /* AppDelegate.swift */ = {isa = PBXFileReference; lastKnownFileType = sourcecode.swift; path = AppDelegate.swift; sourceTree = "<group>"; };
		044407EF24CF35F1005072D0 /* SceneDelegate.swift */ = {isa = PBXFileReference; lastKnownFileType = sourcecode.swift; path = SceneDelegate.swift; sourceTree = "<group>"; };
		044407F124CF35F1005072D0 /* ViewController.swift */ = {isa = PBXFileReference; lastKnownFileType = sourcecode.swift; path = ViewController.swift; sourceTree = "<group>"; };
		044407F624CF35F2005072D0 /* Assets.xcassets */ = {isa = PBXFileReference; lastKnownFileType = folder.assetcatalog; path = Assets.xcassets; sourceTree = "<group>"; };
		044407F924CF35F2005072D0 /* Base */ = {isa = PBXFileReference; lastKnownFileType = file.storyboard; name = Base; path = Base.lproj/LaunchScreen.storyboard; sourceTree = "<group>"; };
		044407FB24CF35F2005072D0 /* Info.plist */ = {isa = PBXFileReference; lastKnownFileType = text.plist.xml; path = Info.plist; sourceTree = "<group>"; };
		0449830724DA6D1800DFB433 /* CreateFishingViewController.swift */ = {isa = PBXFileReference; lastKnownFileType = sourcecode.swift; path = CreateFishingViewController.swift; sourceTree = "<group>"; };
		0449830924DAA10100DFB433 /* Main.storyboard */ = {isa = PBXFileReference; fileEncoding = 4; lastKnownFileType = file.storyboard; path = Main.storyboard; sourceTree = "<group>"; };
		15E3D988AE04E77610C3502C /* Pods_Fishing.framework */ = {isa = PBXFileReference; explicitFileType = wrapper.framework; includeInIndex = 0; path = Pods_Fishing.framework; sourceTree = BUILT_PRODUCTS_DIR; };
		AAF1E983F127CF5B13D2973C /* Pods-Fishing.release.xcconfig */ = {isa = PBXFileReference; includeInIndex = 1; lastKnownFileType = text.xcconfig; name = "Pods-Fishing.release.xcconfig"; path = "Target Support Files/Pods-Fishing/Pods-Fishing.release.xcconfig"; sourceTree = "<group>"; };
		F78580A091C9F37EF29462ED /* Pods-Fishing.debug.xcconfig */ = {isa = PBXFileReference; includeInIndex = 1; lastKnownFileType = text.xcconfig; name = "Pods-Fishing.debug.xcconfig"; path = "Target Support Files/Pods-Fishing/Pods-Fishing.debug.xcconfig"; sourceTree = "<group>"; };
/* End PBXFileReference section */

/* Begin PBXFrameworksBuildPhase section */
		044407E724CF35F1005072D0 /* Frameworks */ = {
			isa = PBXFrameworksBuildPhase;
			buildActionMask = 2147483647;
			files = (
				6C895C69485F4DA6429F6479 /* Pods_Fishing.framework in Frameworks */,
			);
			runOnlyForDeploymentPostprocessing = 0;
		};
/* End PBXFrameworksBuildPhase section */

/* Begin PBXGroup section */
		044407E124CF35F1005072D0 = {
			isa = PBXGroup;
			children = (
				044407EC24CF35F1005072D0 /* Fishing */,
				044407EB24CF35F1005072D0 /* Products */,
				9F4654A9A1D9541BA4784529 /* Pods */,
				C3CE502837EF11366A5F7BD6 /* Frameworks */,
			);
			sourceTree = "<group>";
		};
		044407EB24CF35F1005072D0 /* Products */ = {
			isa = PBXGroup;
			children = (
				044407EA24CF35F1005072D0 /* Fishing.app */,
			);
			name = Products;
			sourceTree = "<group>";
		};
		044407EC24CF35F1005072D0 /* Fishing */ = {
			isa = PBXGroup;
			children = (
				044407ED24CF35F1005072D0 /* AppDelegate.swift */,
				044407EF24CF35F1005072D0 /* SceneDelegate.swift */,
				044407F124CF35F1005072D0 /* ViewController.swift */,
				0449830724DA6D1800DFB433 /* CreateFishingViewController.swift */,
				044407F624CF35F2005072D0 /* Assets.xcassets */,
				0449830924DAA10100DFB433 /* Main.storyboard */,
				044407F824CF35F2005072D0 /* LaunchScreen.storyboard */,
				044407FB24CF35F2005072D0 /* Info.plist */,
			);
			path = Fishing;
			sourceTree = "<group>";
		};
		9F4654A9A1D9541BA4784529 /* Pods */ = {
			isa = PBXGroup;
			children = (
				F78580A091C9F37EF29462ED /* Pods-Fishing.debug.xcconfig */,
				AAF1E983F127CF5B13D2973C /* Pods-Fishing.release.xcconfig */,
			);
			path = Pods;
			sourceTree = "<group>";
		};
		C3CE502837EF11366A5F7BD6 /* Frameworks */ = {
			isa = PBXGroup;
			children = (
				15E3D988AE04E77610C3502C /* Pods_Fishing.framework */,
			);
			name = Frameworks;
			sourceTree = "<group>";
		};
/* End PBXGroup section */

/* Begin PBXNativeTarget section */
		044407E924CF35F1005072D0 /* Fishing */ = {
			isa = PBXNativeTarget;
			buildConfigurationList = 044407FE24CF35F2005072D0 /* Build configuration list for PBXNativeTarget "Fishing" */;
			buildPhases = (
				5D6D6935442A1BF14A8E4822 /* [CP] Check Pods Manifest.lock */,
				044407E624CF35F1005072D0 /* Sources */,
				044407E724CF35F1005072D0 /* Frameworks */,
				044407E824CF35F1005072D0 /* Resources */,
				1303BA0271171B79E7975F8B /* [CP] Embed Pods Frameworks */,
				0443CF9124D12A3B00F01894 /* SwiftLint */,
			);
			buildRules = (
			);
			dependencies = (
			);
			name = Fishing;
			productName = Fishing;
			productReference = 044407EA24CF35F1005072D0 /* Fishing.app */;
			productType = "com.apple.product-type.application";
		};
/* End PBXNativeTarget section */

/* Begin PBXProject section */
		044407E224CF35F1005072D0 /* Project object */ = {
			isa = PBXProject;
			attributes = {
				LastSwiftUpdateCheck = 1160;
				LastUpgradeCheck = 1160;
				ORGANIZATIONNAME = chabanenko;
				TargetAttributes = {
					044407E924CF35F1005072D0 = {
						CreatedOnToolsVersion = 11.6;
					};
				};
			};
			buildConfigurationList = 044407E524CF35F1005072D0 /* Build configuration list for PBXProject "Fishing" */;
			compatibilityVersion = "Xcode 9.3";
			developmentRegion = en;
			hasScannedForEncodings = 0;
			knownRegions = (
				en,
				Base,
			);
			mainGroup = 044407E124CF35F1005072D0;
			productRefGroup = 044407EB24CF35F1005072D0 /* Products */;
			projectDirPath = "";
			projectRoot = "";
			targets = (
				044407E924CF35F1005072D0 /* Fishing */,
			);
		};
/* End PBXProject section */

/* Begin PBXResourcesBuildPhase section */
		044407E824CF35F1005072D0 /* Resources */ = {
			isa = PBXResourcesBuildPhase;
			buildActionMask = 2147483647;
			files = (
				0449830A24DAA10100DFB433 /* Main.storyboard in Resources */,
				044407FA24CF35F2005072D0 /* LaunchScreen.storyboard in Resources */,
				044407F724CF35F2005072D0 /* Assets.xcassets in Resources */,
			);
			runOnlyForDeploymentPostprocessing = 0;
		};
/* End PBXResourcesBuildPhase section */

/* Begin PBXShellScriptBuildPhase section */
		0443CF9124D12A3B00F01894 /* SwiftLint */ = {
			isa = PBXShellScriptBuildPhase;
			buildActionMask = 12;
			files = (
			);
			inputFileListPaths = (
			);
			inputPaths = (
			);
			name = SwiftLint;
			outputFileListPaths = (
			);
			outputPaths = (
			);
			runOnlyForDeploymentPostprocessing = 0;
			shellPath = /bin/sh;
			shellScript = "\"${PODS_ROOT}/SwiftLint/swiftlint\"\n";
		};
		1303BA0271171B79E7975F8B /* [CP] Embed Pods Frameworks */ = {
			isa = PBXShellScriptBuildPhase;
			buildActionMask = 12;
			files = (
			);
			inputFileListPaths = (
				"${PODS_ROOT}/Target Support Files/Pods-Fishing/Pods-Fishing-frameworks-${CONFIGURATION}-input-files.xcfilelist",
			);
			name = "[CP] Embed Pods Frameworks";
			outputFileListPaths = (
				"${PODS_ROOT}/Target Support Files/Pods-Fishing/Pods-Fishing-frameworks-${CONFIGURATION}-output-files.xcfilelist",
			);
			runOnlyForDeploymentPostprocessing = 0;
			shellPath = /bin/sh;
			shellScript = "\"${PODS_ROOT}/Target Support Files/Pods-Fishing/Pods-Fishing-frameworks.sh\"\n";
			showEnvVarsInLog = 0;
		};
		5D6D6935442A1BF14A8E4822 /* [CP] Check Pods Manifest.lock */ = {
			isa = PBXShellScriptBuildPhase;
			buildActionMask = 2147483647;
			files = (
			);
			inputFileListPaths = (
			);
			inputPaths = (
				"${PODS_PODFILE_DIR_PATH}/Podfile.lock",
				"${PODS_ROOT}/Manifest.lock",
			);
			name = "[CP] Check Pods Manifest.lock";
			outputFileListPaths = (
			);
			outputPaths = (
				"$(DERIVED_FILE_DIR)/Pods-Fishing-checkManifestLockResult.txt",
			);
			runOnlyForDeploymentPostprocessing = 0;
			shellPath = /bin/sh;
			shellScript = "diff \"${PODS_PODFILE_DIR_PATH}/Podfile.lock\" \"${PODS_ROOT}/Manifest.lock\" > /dev/null\nif [ $? != 0 ] ; then\n    # print error to STDERR\n    echo \"error: The sandbox is not in sync with the Podfile.lock. Run 'pod install' or update your CocoaPods installation.\" >&2\n    exit 1\nfi\n# This output is used by Xcode 'outputs' to avoid re-running this script phase.\necho \"SUCCESS\" > \"${SCRIPT_OUTPUT_FILE_0}\"\n";
			showEnvVarsInLog = 0;
		};
/* End PBXShellScriptBuildPhase section */

/* Begin PBXSourcesBuildPhase section */
		044407E624CF35F1005072D0 /* Sources */ = {
			isa = PBXSourcesBuildPhase;
			buildActionMask = 2147483647;
			files = (
				044407F224CF35F1005072D0 /* ViewController.swift in Sources */,
				0449830824DA6D1800DFB433 /* CreateFishingViewController.swift in Sources */,
				044407EE24CF35F1005072D0 /* AppDelegate.swift in Sources */,
				044407F024CF35F1005072D0 /* SceneDelegate.swift in Sources */,
			);
			runOnlyForDeploymentPostprocessing = 0;
		};
/* End PBXSourcesBuildPhase section */

/* Begin PBXVariantGroup section */
		044407F824CF35F2005072D0 /* LaunchScreen.storyboard */ = {
			isa = PBXVariantGroup;
			children = (
				044407F924CF35F2005072D0 /* Base */,
			);
			name = LaunchScreen.storyboard;
			sourceTree = "<group>";
		};
/* End PBXVariantGroup section */

/* Begin XCBuildConfiguration section */
		044407FC24CF35F2005072D0 /* Debug */ = {
			isa = XCBuildConfiguration;
			buildSettings = {
				ALWAYS_SEARCH_USER_PATHS = NO;
				CLANG_ANALYZER_NONNULL = YES;
				CLANG_ANALYZER_NUMBER_OBJECT_CONVERSION = YES_AGGRESSIVE;
				CLANG_CXX_LANGUAGE_STANDARD = "gnu++14";
				CLANG_CXX_LIBRARY = "libc++";
				CLANG_ENABLE_MODULES = YES;
				CLANG_ENABLE_OBJC_ARC = YES;
				CLANG_ENABLE_OBJC_WEAK = YES;
				CLANG_WARN_BLOCK_CAPTURE_AUTORELEASING = YES;
				CLANG_WARN_BOOL_CONVERSION = YES;
				CLANG_WARN_COMMA = YES;
				CLANG_WARN_CONSTANT_CONVERSION = YES;
				CLANG_WARN_DEPRECATED_OBJC_IMPLEMENTATIONS = YES;
				CLANG_WARN_DIRECT_OBJC_ISA_USAGE = YES_ERROR;
				CLANG_WARN_DOCUMENTATION_COMMENTS = YES;
				CLANG_WARN_EMPTY_BODY = YES;
				CLANG_WARN_ENUM_CONVERSION = YES;
				CLANG_WARN_INFINITE_RECURSION = YES;
				CLANG_WARN_INT_CONVERSION = YES;
				CLANG_WARN_NON_LITERAL_NULL_CONVERSION = YES;
				CLANG_WARN_OBJC_IMPLICIT_RETAIN_SELF = YES;
				CLANG_WARN_OBJC_LITERAL_CONVERSION = YES;
				CLANG_WARN_OBJC_ROOT_CLASS = YES_ERROR;
				CLANG_WARN_RANGE_LOOP_ANALYSIS = YES;
				CLANG_WARN_STRICT_PROTOTYPES = YES;
				CLANG_WARN_SUSPICIOUS_MOVE = YES;
				CLANG_WARN_UNGUARDED_AVAILABILITY = YES_AGGRESSIVE;
				CLANG_WARN_UNREACHABLE_CODE = YES;
				CLANG_WARN__DUPLICATE_METHOD_MATCH = YES;
				COPY_PHASE_STRIP = NO;
				DEBUG_INFORMATION_FORMAT = dwarf;
				ENABLE_STRICT_OBJC_MSGSEND = YES;
				ENABLE_TESTABILITY = YES;
				GCC_C_LANGUAGE_STANDARD = gnu11;
				GCC_DYNAMIC_NO_PIC = NO;
				GCC_NO_COMMON_BLOCKS = YES;
				GCC_OPTIMIZATION_LEVEL = 0;
				GCC_PREPROCESSOR_DEFINITIONS = (
					"DEBUG=1",
					"$(inherited)",
				);
				GCC_WARN_64_TO_32_BIT_CONVERSION = YES;
				GCC_WARN_ABOUT_RETURN_TYPE = YES_ERROR;
				GCC_WARN_UNDECLARED_SELECTOR = YES;
				GCC_WARN_UNINITIALIZED_AUTOS = YES_AGGRESSIVE;
				GCC_WARN_UNUSED_FUNCTION = YES;
				GCC_WARN_UNUSED_VARIABLE = YES;
				IPHONEOS_DEPLOYMENT_TARGET = 13.6;
				MTL_ENABLE_DEBUG_INFO = INCLUDE_SOURCE;
				MTL_FAST_MATH = YES;
				ONLY_ACTIVE_ARCH = YES;
				SDKROOT = iphoneos;
				SWIFT_ACTIVE_COMPILATION_CONDITIONS = DEBUG;
				SWIFT_OPTIMIZATION_LEVEL = "-Onone";
			};
			name = Debug;
		};
		044407FD24CF35F2005072D0 /* Release */ = {
			isa = XCBuildConfiguration;
			buildSettings = {
				ALWAYS_SEARCH_USER_PATHS = NO;
				CLANG_ANALYZER_NONNULL = YES;
				CLANG_ANALYZER_NUMBER_OBJECT_CONVERSION = YES_AGGRESSIVE;
				CLANG_CXX_LANGUAGE_STANDARD = "gnu++14";
				CLANG_CXX_LIBRARY = "libc++";
				CLANG_ENABLE_MODULES = YES;
				CLANG_ENABLE_OBJC_ARC = YES;
				CLANG_ENABLE_OBJC_WEAK = YES;
				CLANG_WARN_BLOCK_CAPTURE_AUTORELEASING = YES;
				CLANG_WARN_BOOL_CONVERSION = YES;
				CLANG_WARN_COMMA = YES;
				CLANG_WARN_CONSTANT_CONVERSION = YES;
				CLANG_WARN_DEPRECATED_OBJC_IMPLEMENTATIONS = YES;
				CLANG_WARN_DIRECT_OBJC_ISA_USAGE = YES_ERROR;
				CLANG_WARN_DOCUMENTATION_COMMENTS = YES;
				CLANG_WARN_EMPTY_BODY = YES;
				CLANG_WARN_ENUM_CONVERSION = YES;
				CLANG_WARN_INFINITE_RECURSION = YES;
				CLANG_WARN_INT_CONVERSION = YES;
				CLANG_WARN_NON_LITERAL_NULL_CONVERSION = YES;
				CLANG_WARN_OBJC_IMPLICIT_RETAIN_SELF = YES;
				CLANG_WARN_OBJC_LITERAL_CONVERSION = YES;
				CLANG_WARN_OBJC_ROOT_CLASS = YES_ERROR;
				CLANG_WARN_RANGE_LOOP_ANALYSIS = YES;
				CLANG_WARN_STRICT_PROTOTYPES = YES;
				CLANG_WARN_SUSPICIOUS_MOVE = YES;
				CLANG_WARN_UNGUARDED_AVAILABILITY = YES_AGGRESSIVE;
				CLANG_WARN_UNREACHABLE_CODE = YES;
				CLANG_WARN__DUPLICATE_METHOD_MATCH = YES;
				COPY_PHASE_STRIP = NO;
				DEBUG_INFORMATION_FORMAT = "dwarf-with-dsym";
				ENABLE_NS_ASSERTIONS = NO;
				ENABLE_STRICT_OBJC_MSGSEND = YES;
				GCC_C_LANGUAGE_STANDARD = gnu11;
				GCC_NO_COMMON_BLOCKS = YES;
				GCC_WARN_64_TO_32_BIT_CONVERSION = YES;
				GCC_WARN_ABOUT_RETURN_TYPE = YES_ERROR;
				GCC_WARN_UNDECLARED_SELECTOR = YES;
				GCC_WARN_UNINITIALIZED_AUTOS = YES_AGGRESSIVE;
				GCC_WARN_UNUSED_FUNCTION = YES;
				GCC_WARN_UNUSED_VARIABLE = YES;
				IPHONEOS_DEPLOYMENT_TARGET = 13.6;
				MTL_ENABLE_DEBUG_INFO = NO;
				MTL_FAST_MATH = YES;
				SDKROOT = iphoneos;
				SWIFT_COMPILATION_MODE = wholemodule;
				SWIFT_OPTIMIZATION_LEVEL = "-O";
				VALIDATE_PRODUCT = YES;
			};
			name = Release;
		};
		044407FF24CF35F2005072D0 /* Debug */ = {
			isa = XCBuildConfiguration;
			baseConfigurationReference = F78580A091C9F37EF29462ED /* Pods-Fishing.debug.xcconfig */;
			buildSettings = {
				ASSETCATALOG_COMPILER_APPICON_NAME = AppIcon;
				CODE_SIGN_STYLE = Automatic;
				INFOPLIST_FILE = Fishing/Info.plist;
				LD_RUNPATH_SEARCH_PATHS = (
					"$(inherited)",
					"@executable_path/Frameworks",
				);
				PRODUCT_BUNDLE_IDENTIFIER = com.chabanenko.Fishing;
				PRODUCT_NAME = "$(TARGET_NAME)";
				SWIFT_VERSION = 5.0;
				TARGETED_DEVICE_FAMILY = "1,2";
			};
			name = Debug;
		};
		0444080024CF35F2005072D0 /* Release */ = {
			isa = XCBuildConfiguration;
			baseConfigurationReference = AAF1E983F127CF5B13D2973C /* Pods-Fishing.release.xcconfig */;
			buildSettings = {
				ASSETCATALOG_COMPILER_APPICON_NAME = AppIcon;
				CODE_SIGN_STYLE = Automatic;
				INFOPLIST_FILE = Fishing/Info.plist;
				LD_RUNPATH_SEARCH_PATHS = (
					"$(inherited)",
					"@executable_path/Frameworks",
				);
				PRODUCT_BUNDLE_IDENTIFIER = com.chabanenko.Fishing;
				PRODUCT_NAME = "$(TARGET_NAME)";
				SWIFT_VERSION = 5.0;
				TARGETED_DEVICE_FAMILY = "1,2";
			};
			name = Release;
		};
/* End XCBuildConfiguration section */

/* Begin XCConfigurationList section */
		044407E524CF35F1005072D0 /* Build configuration list for PBXProject "Fishing" */ = {
			isa = XCConfigurationList;
			buildConfigurations = (
				044407FC24CF35F2005072D0 /* Debug */,
				044407FD24CF35F2005072D0 /* Release */,
			);
			defaultConfigurationIsVisible = 0;
			defaultConfigurationName = Release;
		};
		044407FE24CF35F2005072D0 /* Build configuration list for PBXNativeTarget "Fishing" */ = {
			isa = XCConfigurationList;
			buildConfigurations = (
				044407FF24CF35F2005072D0 /* Debug */,
				0444080024CF35F2005072D0 /* Release */,
			);
			defaultConfigurationIsVisible = 0;
			defaultConfigurationName = Release;
		};
/* End XCConfigurationList section */
	};
	rootObject = 044407E224CF35F1005072D0 /* Project object */;
}
